
Microsoft Visual Studio Solution File, Format Version 12.00
# Visual Studio Version 17
VisualStudioVersion = 17.4.33122.133
MinimumVisualStudioVersion = 10.0.40219.1
Project("{8BC9CEB8-8B4A-11D0-8D11-00A0C91BC942}") = "2557", "2557.vcxproj", "{BFB80BEF-714E-4A1B-8F45-F959711DFFF7}"
EndProject
Global
	GlobalSection(SolutionConfigurationPlatforms) = preSolution
		Debug|x64 = Debug|x64
		Debug|x86 = Debug|x86
		Release|x64 = Release|x64
		Release|x86 = Release|x86
	EndGlobalSection
	GlobalSection(ProjectConfigurationPlatforms) = postSolution
		{BFB80BEF-714E-4A1B-8F45-F959711DFFF7}.Debug|x64.ActiveCfg = Debug|x64
		{BFB80BEF-714E-4A1B-8F45-F959711DFFF7}.Debug|x64.Build.0 = Debug|x64
		{BFB80BEF-714E-4A1B-8F45-F959711DFFF7}.Debug|x86.ActiveCfg = Debug|Win32
		{BFB80BEF-714E-4A1B-8F45-F959711DFFF7}.Debug|x86.Build.0 = Debug|Win32
		{BFB80BEF-714E-4A1B-8F45-F959711DFFF7}.Release|x64.ActiveCfg = Release|x64
		{BFB80BEF-714E-4A1B-8F45-F959711DFFF7}.Release|x64.Build.0 = Release|x64
		{BFB80BEF-714E-4A1B-8F45-F959711DFFF7}.Release|x86.ActiveCfg = Release|Win32
		{BFB80BEF-714E-4A1B-8F45-F959711DFFF7}.Release|x86.Build.0 = Release|Win32
	EndGlobalSection
	GlobalSection(SolutionProperties) = preSolution
		HideSolutionNode = FALSE
	EndGlobalSection
	GlobalSection(ExtensibilityGlobals) = postSolution
		SolutionGuid = {04DEB70F-0A25-4198-8C81-E8E55DC7A1B0}
	EndGlobalSection
EndGlobal
