
Microsoft Visual Studio Solution File, Format Version 12.00
# Visual Studio Version 17
VisualStudioVersion = 17.4.33122.133
MinimumVisualStudioVersion = 10.0.40219.1
Project("{8BC9CEB8-8B4A-11D0-8D11-00A0C91BC942}") = "25304", "25304.vcxproj", "{0AA443BD-21A2-46C6-BE54-4CF02B0FCAFB}"
EndProject
Global
	GlobalSection(SolutionConfigurationPlatforms) = preSolution
		Debug|x64 = Debug|x64
		Debug|x86 = Debug|x86
		Release|x64 = Release|x64
		Release|x86 = Release|x86
	EndGlobalSection
	GlobalSection(ProjectConfigurationPlatforms) = postSolution
		{0AA443BD-21A2-46C6-BE54-4CF02B0FCAFB}.Debug|x64.ActiveCfg = Debug|x64
		{0AA443BD-21A2-46C6-BE54-4CF02B0FCAFB}.Debug|x64.Build.0 = Debug|x64
		{0AA443BD-21A2-46C6-BE54-4CF02B0FCAFB}.Debug|x86.ActiveCfg = Debug|Win32
		{0AA443BD-21A2-46C6-BE54-4CF02B0FCAFB}.Debug|x86.Build.0 = Debug|Win32
		{0AA443BD-21A2-46C6-BE54-4CF02B0FCAFB}.Release|x64.ActiveCfg = Release|x64
		{0AA443BD-21A2-46C6-BE54-4CF02B0FCAFB}.Release|x64.Build.0 = Release|x64
		{0AA443BD-21A2-46C6-BE54-4CF02B0FCAFB}.Release|x86.ActiveCfg = Release|Win32
		{0AA443BD-21A2-46C6-BE54-4CF02B0FCAFB}.Release|x86.Build.0 = Release|Win32
	EndGlobalSection
	GlobalSection(SolutionProperties) = preSolution
		HideSolutionNode = FALSE
	EndGlobalSection
	GlobalSection(ExtensibilityGlobals) = postSolution
		SolutionGuid = {7FBC4FC8-5273-455F-8561-9BC7C2A9F4B5}
	EndGlobalSection
EndGlobal
